Microsoft Visual Studio Solution File, Format Version 12.00
# Visual Studio Version 16
VisualStudioVersion = 16.0.0.0
MinimumVisualStudioVersion = 16.0.0.0
Project("{9A19103F-16F7-4668-BE54-9A1E7A4F7556}") = "SecurityApp.Web", "SecurityApp.Web\SecurityApp.Web.csproj", "{2A4993EB-EF24-4130-A011-99D8DDFFCB52}"
EndProject
Project("{9A19103F-16F7-4668-BE54-9A1E7A4F7556}") = "SecurityApp.Web.Client", "SecurityApp.Web.Client\SecurityApp.Web.Client.csproj", "{580DC7E9-AD79-44F5-B240-A801ED5FFEEC}"
EndProject
Global
	GlobalSection(SolutionConfigurationPlatforms) = preSolution
		Debug|Any CPU = Debug|Any CPU
		Debug|x64 = Debug|x64
		Debug|x86 = Debug|x86
		Release|Any CPU = Release|Any CPU
		Release|x64 = Release|x64
		Release|x86 = Release|x86
	EndGlobalSection
	GlobalSection(ProjectConfigurationPlatforms) = postSolution
		{580DC7E9-AD79-44F5-B240-A801ED5FFEEC}.Debug|Any CPU.ActiveCfg = Debug|Any CPU
		{580DC7E9-AD79-44F5-B240-A801ED5FFEEC}.Debug|Any CPU.Build.0 = Debug|Any CPU
		{580DC7E9-AD79-44F5-B240-A801ED5FFEEC}.Debug|x64.ActiveCfg = Debug|Any CPU
		{580DC7E9-AD79-44F5-B240-A801ED5FFEEC}.Debug|x64.Build.0 = Debug|Any CPU
		{580DC7E9-AD79-44F5-B240-A801ED5FFEEC}.Debug|x86.ActiveCfg = Debug|Any CPU
		{580DC7E9-AD79-44F5-B240-A801ED5FFEEC}.Debug|x86.Build.0 = Debug|Any CPU
		{580DC7E9-AD79-44F5-B240-A801ED5FFEEC}.Release|Any CPU.ActiveCfg = Release|Any CPU
		{580DC7E9-AD79-44F5-B240-A801ED5FFEEC}.Release|Any CPU.Build.0 = Release|Any CPU
		{580DC7E9-AD79-44F5-B240-A801ED5FFEEC}.Release|x64.ActiveCfg = Release|Any CPU
		{580DC7E9-AD79-44F5-B240-A801ED5FFEEC}.Release|x64.Build.0 = Release|Any CPU
		{580DC7E9-AD79-44F5-B240-A801ED5FFEEC}.Release|x86.ActiveCfg = Release|Any CPU
		{580DC7E9-AD79-44F5-B240-A801ED5FFEEC}.Release|x86.Build.0 = Release|Any CPU
		{2A4993EB-EF24-4130-A011-99D8DDFFCB52}.Debug|Any CPU.ActiveCfg = Debug|Any CPU
		{2A4993EB-EF24-4130-A011-99D8DDFFCB52}.Debug|Any CPU.Build.0 = Debug|Any CPU
		{2A4993EB-EF24-4130-A011-99D8DDFFCB52}.Debug|x64.ActiveCfg = Debug|Any CPU
		{2A4993EB-EF24-4130-A011-99D8DDFFCB52}.Debug|x64.Build.0 = Debug|Any CPU
		{2A4993EB-EF24-4130-A011-99D8DDFFCB52}.Debug|x86.ActiveCfg = Debug|Any CPU
		{2A4993EB-EF24-4130-A011-99D8DDFFCB52}.Debug|x86.Build.0 = Debug|Any CPU
		{2A4993EB-EF24-4130-A011-99D8DDFFCB52}.Release|Any CPU.ActiveCfg = Release|Any CPU
		{2A4993EB-EF24-4130-A011-99D8DDFFCB52}.Release|Any CPU.Build.0 = Release|Any CPU
		{2A4993EB-EF24-4130-A011-99D8DDFFCB52}.Release|x64.ActiveCfg = Release|Any CPU
		{2A4993EB-EF24-4130-A011-99D8DDFFCB52}.Release|x64.Build.0 = Release|Any CPU
		{2A4993EB-EF24-4130-A011-99D8DDFFCB52}.Release|x86.ActiveCfg = Release|Any CPU
		{2A4993EB-EF24-4130-A011-99D8DDFFCB52}.Release|x86.Build.0 = Release|Any CPU
	EndGlobalSection
	GlobalSection(SolutionProperties) = preSolution
		HideSolutionNode = FALSE
	EndGlobalSection
	GlobalSection(ExtensibilityGlobals) = postSolution
		SolutionGuid = {DF5854F0-869B-4847-8E31-5389BFA0621B}
	EndGlobalSection
EndGlobal
